
Microsoft Visual Studio Solution File, Format Version 12.00
# Visual Studio 2012
Project("{FAE04EC0-301F-11D3-BF4B-00C04F79EFBC}") = "Mvc-UI", "Mvc-VD\Mvc-UI.csproj", "{A95A0B77-8CE9-49DD-929C-7F26F9D597ED}"
EndProject
Global
	GlobalSection(SolutionConfigurationPlatforms) = preSolution
		Debug|Any CPU = Debug|Any CPU
		Release|Any CPU = Release|Any CPU
	EndGlobalSection
	GlobalSection(ProjectConfigurationPlatforms) = postSolution
		{A95A0B77-8CE9-49DD-929C-7F26F9D597ED}.Debug|Any CPU.ActiveCfg = Debug|Any CPU
		{A95A0B77-8CE9-49DD-929C-7F26F9D597ED}.Debug|Any CPU.Build.0 = Debug|Any CPU
		{A95A0B77-8CE9-49DD-929C-7F26F9D597ED}.Release|Any CPU.ActiveCfg = Release|Any CPU
		{A95A0B77-8CE9-49DD-929C-7F26F9D597ED}.Release|Any CPU.Build.0 = Release|Any CPU
	EndGlobalSection
	GlobalSection(SolutionProperties) = preSolution
		HideSolutionNode = FALSE
	EndGlobalSection
	GlobalSection(SubversionScc) = preSolution
		Svn-Managed = True
		Manager = AnkhSVN - Subversion Support for Visual Studio
	EndGlobalSection
	GlobalSection(SubversionScc) = preSolution
		Svn-Managed = True
		Manager = AnkhSVN - Subversion Support for Visual Studio
	EndGlobalSection
	GlobalSection(SubversionScc) = preSolution
		Svn-Managed = True
		Manager = AnkhSVN - Subversion Support for Visual Studio
	EndGlobalSection
EndGlobal
